
Microsoft Visual Studio Solution File, Format Version 12.00
# Visual Studio 15
VisualStudioVersion = 15.0.28307.960
MinimumVisualStudioVersion = 10.0.40219.1
Project("{8BC9CEB8-8B4A-11D0-8D11-00A0C91BC942}") = "特征点匹配", "特征点匹配\特征点匹配.vcxproj", "{43DC4656-5F8E-4683-ABED-5064D2DC8358}"
EndProject
Global
	GlobalSection(SolutionConfigurationPlatforms) = preSolution
		Debug|x64 = Debug|x64
		Debug|x86 = Debug|x86
		Release|x64 = Release|x64
		Release|x86 = Release|x86
	EndGlobalSection
	GlobalSection(ProjectConfigurationPlatforms) = postSolution
		{43DC4656-5F8E-4683-ABED-5064D2DC8358}.Debug|x64.ActiveCfg = Debug|x64
		{43DC4656-5F8E-4683-ABED-5064D2DC8358}.Debug|x64.Build.0 = Debug|x64
		{43DC4656-5F8E-4683-ABED-5064D2DC8358}.Debug|x86.ActiveCfg = Debug|Win32
		{43DC4656-5F8E-4683-ABED-5064D2DC8358}.Debug|x86.Build.0 = Debug|Win32
		{43DC4656-5F8E-4683-ABED-5064D2DC8358}.Release|x64.ActiveCfg = Release|x64
		{43DC4656-5F8E-4683-ABED-5064D2DC8358}.Release|x64.Build.0 = Release|x64
		{43DC4656-5F8E-4683-ABED-5064D2DC8358}.Release|x86.ActiveCfg = Release|Win32
		{43DC4656-5F8E-4683-ABED-5064D2DC8358}.Release|x86.Build.0 = Release|Win32
	EndGlobalSection
	GlobalSection(SolutionProperties) = preSolution
		HideSolutionNode = FALSE
	EndGlobalSection
	GlobalSection(ExtensibilityGlobals) = postSolution
		SolutionGuid = {986423F7-E764-44CF-91AA-0847696D89CE}
	EndGlobalSection
EndGlobal
